
Microsoft Visual Studio Solution File, Format Version 12.00
# Visual Studio Version 17
VisualStudioVersion = 17.7.34031.279
MinimumVisualStudioVersion = 10.0.40219.1
Project("{FAE04EC0-301F-11D3-BF4B-00C04F79EFBC}") = "Zadanko1", "Zadanko1\Zadanko1.csproj", "{7A9D4F90-AC25-43A5-B717-C312A9029411}"
EndProject
Global
	GlobalSection(SolutionConfigurationPlatforms) = preSolution
		Debug|Any CPU = Debug|Any CPU
		Release|Any CPU = Release|Any CPU
	EndGlobalSection
	GlobalSection(ProjectConfigurationPlatforms) = postSolution
		{7A9D4F90-AC25-43A5-B717-C312A9029411}.Debug|Any CPU.ActiveCfg = Debug|Any CPU
		{7A9D4F90-AC25-43A5-B717-C312A9029411}.Debug|Any CPU.Build.0 = Debug|Any CPU
		{7A9D4F90-AC25-43A5-B717-C312A9029411}.Release|Any CPU.ActiveCfg = Release|Any CPU
		{7A9D4F90-AC25-43A5-B717-C312A9029411}.Release|Any CPU.Build.0 = Release|Any CPU
	EndGlobalSection
	GlobalSection(SolutionProperties) = preSolution
		HideSolutionNode = FALSE
	EndGlobalSection
	GlobalSection(ExtensibilityGlobals) = postSolution
		SolutionGuid = {CDECCADA-1C92-436E-8910-8D6CDC0A6850}
	EndGlobalSection
EndGlobal
