
Microsoft Visual Studio Solution File, Format Version 12.00
# Visual Studio Version 17
VisualStudioVersion = 17.7.34031.279
MinimumVisualStudioVersion = 10.0.40219.1
Project("{FAE04EC0-301F-11D3-BF4B-00C04F79EFBC}") = "Zadanie 1", "Zadanie 1\Zadanie 1.csproj", "{FAF14848-ECB3-46AB-9DBE-914289B8D1DE}"
EndProject
Global
	GlobalSection(SolutionConfigurationPlatforms) = preSolution
		Debug|Any CPU = Debug|Any CPU
		Release|Any CPU = Release|Any CPU
	EndGlobalSection
	GlobalSection(ProjectConfigurationPlatforms) = postSolution
		{FAF14848-ECB3-46AB-9DBE-914289B8D1DE}.Debug|Any CPU.ActiveCfg = Debug|Any CPU
		{FAF14848-ECB3-46AB-9DBE-914289B8D1DE}.Debug|Any CPU.Build.0 = Debug|Any CPU
		{FAF14848-ECB3-46AB-9DBE-914289B8D1DE}.Release|Any CPU.ActiveCfg = Release|Any CPU
		{FAF14848-ECB3-46AB-9DBE-914289B8D1DE}.Release|Any CPU.Build.0 = Release|Any CPU
	EndGlobalSection
	GlobalSection(SolutionProperties) = preSolution
		HideSolutionNode = FALSE
	EndGlobalSection
	GlobalSection(ExtensibilityGlobals) = postSolution
		SolutionGuid = {4F17C0B1-F9E4-4798-AD43-C9B2F92D460A}
	EndGlobalSection
EndGlobal
