
Microsoft Visual Studio Solution File, Format Version 12.00
# Visual Studio Version 17
VisualStudioVersion = 17.7.34031.279
MinimumVisualStudioVersion = 10.0.40219.1
Project("{FAE04EC0-301F-11D3-BF4B-00C04F79EFBC}") = "Zadanko2", "Zadanko2\Zadanko2.csproj", "{DB91E9A1-0180-437E-B457-656AD537F059}"
EndProject
Global
	GlobalSection(SolutionConfigurationPlatforms) = preSolution
		Debug|Any CPU = Debug|Any CPU
		Release|Any CPU = Release|Any CPU
	EndGlobalSection
	GlobalSection(ProjectConfigurationPlatforms) = postSolution
		{DB91E9A1-0180-437E-B457-656AD537F059}.Debug|Any CPU.ActiveCfg = Debug|Any CPU
		{DB91E9A1-0180-437E-B457-656AD537F059}.Debug|Any CPU.Build.0 = Debug|Any CPU
		{DB91E9A1-0180-437E-B457-656AD537F059}.Release|Any CPU.ActiveCfg = Release|Any CPU
		{DB91E9A1-0180-437E-B457-656AD537F059}.Release|Any CPU.Build.0 = Release|Any CPU
	EndGlobalSection
	GlobalSection(SolutionProperties) = preSolution
		HideSolutionNode = FALSE
	EndGlobalSection
	GlobalSection(ExtensibilityGlobals) = postSolution
		SolutionGuid = {009491E1-A38A-44CA-9F01-DEE078FD6740}
	EndGlobalSection
EndGlobal
