
Microsoft Visual Studio Solution File, Format Version 12.00
# Visual Studio Version 17
VisualStudioVersion = 17.6.33815.320
MinimumVisualStudioVersion = 10.0.40219.1
Project("{8BC9CEB8-8B4A-11D0-8D11-00A0C91BC942}") = "AplikacjaPomocniczaCPP", "AplikacjaPomocniczaCPP\AplikacjaPomocniczaCPP.vcxproj", "{95DDBE0A-79A6-4BBF-AB8B-12693A5A94FF}"
EndProject
Global
	GlobalSection(SolutionConfigurationPlatforms) = preSolution
		Debug|x64 = Debug|x64
		Debug|x86 = Debug|x86
		Release|x64 = Release|x64
		Release|x86 = Release|x86
	EndGlobalSection
	GlobalSection(ProjectConfigurationPlatforms) = postSolution
		{95DDBE0A-79A6-4BBF-AB8B-12693A5A94FF}.Debug|x64.ActiveCfg = Debug|x64
		{95DDBE0A-79A6-4BBF-AB8B-12693A5A94FF}.Debug|x64.Build.0 = Debug|x64
		{95DDBE0A-79A6-4BBF-AB8B-12693A5A94FF}.Debug|x86.ActiveCfg = Debug|Win32
		{95DDBE0A-79A6-4BBF-AB8B-12693A5A94FF}.Debug|x86.Build.0 = Debug|Win32
		{95DDBE0A-79A6-4BBF-AB8B-12693A5A94FF}.Release|x64.ActiveCfg = Release|x64
		{95DDBE0A-79A6-4BBF-AB8B-12693A5A94FF}.Release|x64.Build.0 = Release|x64
		{95DDBE0A-79A6-4BBF-AB8B-12693A5A94FF}.Release|x86.ActiveCfg = Release|Win32
		{95DDBE0A-79A6-4BBF-AB8B-12693A5A94FF}.Release|x86.Build.0 = Release|Win32
	EndGlobalSection
	GlobalSection(SolutionProperties) = preSolution
		HideSolutionNode = FALSE
	EndGlobalSection
	GlobalSection(ExtensibilityGlobals) = postSolution
		SolutionGuid = {AEC0657A-D77D-4CEF-BEAA-5D08A1236DDA}
	EndGlobalSection
EndGlobal
